# This file is automatically @generated by Cargo.
# It is not intended for manual editing.
version = 3

[[package]]
name = "loom-cli"
version = "0.1.0"
dependencies = [
 "loom-erofs",
 "loom-ext4",
 "loom-map",
 "loom-pack",
 "loom-types",
]

[[package]]
name = "loom-erofs"
version = "0.1.0"
dependencies = [
 "loom-map",
 "loom-view",
]

[[package]]
name = "loom-ext4"
version = "0.1.0"
dependencies = [
 "loom-map",
 "loom-types",
 "loom-view",
]

[[package]]
name = "loom-map"
version = "0.1.0"
dependencies = [
 "loom-types",
]

[[package]]
name = "loom-pack"
version = "0.1.0"

[[package]]
name = "loom-types"
version = "0.1.0"

[[package]]
name = "loom-view"
version = "0.1.0"
dependencies = [
 "loom-map",
 "loom-types",
]
